// !$*UTF8*$!
{
	archiveVersion = 1;
	classes = {
	};
	objectVersion = 48;
	objects = {

/* Begin PBXGroup section */
		4A2787631F7FE3E80020BD37 = {
			isa = PBXGroup;
			children = (
			);
			sourceTree = "<group>";
		};
/* End PBXGroup section */

/* Begin PBXProject section */
		4A2787641F7FE3E80020BD37 /* Project object */ = {
			isa = PBXProject;
			attributes = {
				LastUpgradeCheck = 0900;
			};
			buildConfigurationList = 4A2787671F7FE3E80020BD37 /* Build configuration list for PBXProject "learnC" */;
			compatibilityVersion = "Xcode 8.0";
			developmentRegion = en;
			hasScannedForEncodings = 0;
			knownRegions = (
				en,
			);
			mainGroup = 4A2787631F7FE3E80020BD37;
			projectDirPath = "";
			projectRoot = "";
			targets = (
			);
		};
/* End PBXProject section */

/* Begin XCBuildConfiguration section */
		4A2787681F7FE3E80020BD37 /* Debug */ = {
			isa = XCBuildConfiguration;
			buildSettings = {
			};
			name = Debug;
		};
		4A2787691F7FE3E80020BD37 /* Release */ = {
			isa = XCBuildConfiguration;
			buildSettings = {
			};
			name = Release;
		};
/* End XCBuildConfiguration section */

/* Begin XCConfigurationList section */
		4A2787671F7FE3E80020BD37 /* Build configuration list for PBXProject "learnC" */ = {
			isa = XCConfigurationList;
			buildConfigurations = (
				4A2787681F7FE3E80020BD37 /* Debug */,
				4A2787691F7FE3E80020BD37 /* Release */,
			);
			defaultConfigurationIsVisible = 0;
			defaultConfigurationName = Release;
		};
/* End XCConfigurationList section */
	};
	rootObject = 4A2787641F7FE3E80020BD37 /* Project object */;
}
